
Microsoft Visual Studio Solution File, Format Version 12.00
# Visual Studio Version 16
VisualStudioVersion = 16.0.32413.511
MinimumVisualStudioVersion = 10.0.40219.1
Project("{FAE04EC0-301F-11D3-BF4B-00C04F79EFBC}") = "WinFormAdatbazis", "WinFormAdatbazis\WinFormAdatbazis.csproj", "{C114413A-D55A-4A4A-822C-0792C91A5BBA}"
EndProject
Global
	GlobalSection(SolutionConfigurationPlatforms) = preSolution
		Debug|Any CPU = Debug|Any CPU
		Release|Any CPU = Release|Any CPU
	EndGlobalSection
	GlobalSection(ProjectConfigurationPlatforms) = postSolution
		{C114413A-D55A-4A4A-822C-0792C91A5BBA}.Debug|Any CPU.ActiveCfg = Debug|Any CPU
		{C114413A-D55A-4A4A-822C-0792C91A5BBA}.Debug|Any CPU.Build.0 = Debug|Any CPU
		{C114413A-D55A-4A4A-822C-0792C91A5BBA}.Release|Any CPU.ActiveCfg = Release|Any CPU
		{C114413A-D55A-4A4A-822C-0792C91A5BBA}.Release|Any CPU.Build.0 = Release|Any CPU
	EndGlobalSection
	GlobalSection(SolutionProperties) = preSolution
		HideSolutionNode = FALSE
	EndGlobalSection
	GlobalSection(ExtensibilityGlobals) = postSolution
		SolutionGuid = {2E3FC9C6-8D45-4CBC-B4F8-2CA8924DE63D}
	EndGlobalSection
EndGlobal
